
Microsoft Visual Studio Solution File, Format Version 12.00
# Visual Studio Version 17
VisualStudioVersion = 17.13.35828.75
MinimumVisualStudioVersion = 10.0.40219.1
Project("{FAE04EC0-301F-11D3-BF4B-00C04F79EFBC}") = "lab5t1", "lab5t1\lab5t1.csproj", "{116AE6EA-94AE-4BA6-8F11-2E85210440DA}"
EndProject
Project("{FAE04EC0-301F-11D3-BF4B-00C04F79EFBC}") = "lab5t2", "lab5t2\lab5t2.csproj", "{8301D26F-A4D2-456D-83A5-4E61562E1C51}"
EndProject
Project("{FAE04EC0-301F-11D3-BF4B-00C04F79EFBC}") = "lab5t3", "lab5t3\lab5t3.csproj", "{629EEE9F-2D31-470B-AFA6-689A5B77FE3C}"
EndProject
Project("{FAE04EC0-301F-11D3-BF4B-00C04F79EFBC}") = "lab5t4", "lab5t4\lab5t4.csproj", "{2AF29463-52AD-4433-B520-497CE44CFF6B}"
EndProject
Project("{FAE04EC0-301F-11D3-BF4B-00C04F79EFBC}") = "lab5t5", "lab5t5\lab5t5.csproj", "{1B44B16E-E00E-4A4E-8677-8DF699D1C6FB}"
EndProject
Project("{FAE04EC0-301F-11D3-BF4B-00C04F79EFBC}") = "lab5t6", "lab5t6\lab5t6.csproj", "{C3CD9D0F-35BD-4874-AD48-A6B57CA823AC}"
EndProject
Project("{FAE04EC0-301F-11D3-BF4B-00C04F79EFBC}") = "lab5t7", "lab5t7\lab5t7.csproj", "{3FC98BC6-9358-43B1-8EF0-5867CC9C9F05}"
EndProject
Project("{FAE04EC0-301F-11D3-BF4B-00C04F79EFBC}") = "lab5t8", "lab5t8\lab5t8.csproj", "{F3CB9286-A91A-4166-93F1-501C3CFFEC66}"
EndProject
Project("{FAE04EC0-301F-11D3-BF4B-00C04F79EFBC}") = "lab5t9", "lab5t9\lab5t9.csproj", "{F54193EF-10BC-45B1-ABBF-17AA6CA5DB31}"
EndProject
Project("{FAE04EC0-301F-11D3-BF4B-00C04F79EFBC}") = "lab5t10", "lab5t10\lab5t10.csproj", "{FDD1EAF3-1C28-450D-A6E3-15315DC22BD9}"
EndProject
Project("{FAE04EC0-301F-11D3-BF4B-00C04F79EFBC}") = "lab5t11", "lab5t11\lab5t11.csproj", "{6CD21E1D-B775-42D8-AA90-95B33E17DD75}"
EndProject
Project("{FAE04EC0-301F-11D3-BF4B-00C04F79EFBC}") = "lab5t12", "lab5t12\lab5t12.csproj", "{DD86EB10-313B-4CB4-A711-BF8846BEF388}"
EndProject
Project("{FAE04EC0-301F-11D3-BF4B-00C04F79EFBC}") = "lab5t13", "lab5t13\lab5t13.csproj", "{9EED0F2A-526D-4FE0-ADC1-5EB36761F76E}"
EndProject
Project("{FAE04EC0-301F-11D3-BF4B-00C04F79EFBC}") = "lab5t14", "lab5t14\lab5t14.csproj", "{964673F7-CC46-405F-A381-700A675038FD}"
EndProject
Project("{FAE04EC0-301F-11D3-BF4B-00C04F79EFBC}") = "lab5t15", "lab5t15\lab5t15.csproj", "{95B286B6-2788-43D3-81D8-E282669AED62}"
EndProject
Project("{FAE04EC0-301F-11D3-BF4B-00C04F79EFBC}") = "lab5t16", "lab5t16\lab5t16.csproj", "{0E18A55E-DE3C-47AD-9B84-FCDAEDE5DF80}"
EndProject
Project("{FAE04EC0-301F-11D3-BF4B-00C04F79EFBC}") = "lab5t17", "lab5t17\lab5t17.csproj", "{A4B4F4EF-BABC-473D-9732-FE4AD91A41D8}"
EndProject
Project("{FAE04EC0-301F-11D3-BF4B-00C04F79EFBC}") = "lab5t18", "lab5t18\lab5t18.csproj", "{0EAE6E8B-DF25-440E-8686-8086962EAA65}"
EndProject
Project("{FAE04EC0-301F-11D3-BF4B-00C04F79EFBC}") = "lab5t19", "lab5t19\lab5t19.csproj", "{AF681864-48BB-463B-8A77-7B639F8517D0}"
EndProject
Project("{FAE04EC0-301F-11D3-BF4B-00C04F79EFBC}") = "lab5t20", "lab5t20\lab5t20.csproj", "{11BD8349-0A4F-43EA-AA61-C6991A3822FF}"
EndProject
Project("{FAE04EC0-301F-11D3-BF4B-00C04F79EFBC}") = "lab5t21", "lab5t21\lab5t21.csproj", "{0FFE224D-A8E7-4DFF-B84A-C66FB15B422A}"
EndProject
Project("{FAE04EC0-301F-11D3-BF4B-00C04F79EFBC}") = "lab5t22", "lab5t22\lab5t22.csproj", "{5217483B-A7E7-4703-A6CD-027E89B5079B}"
EndProject
Project("{FAE04EC0-301F-11D3-BF4B-00C04F79EFBC}") = "lab5t23", "la5t23\lab5t23.csproj", "{7BD9BAAD-D195-40DF-82FF-D20C469CA213}"
EndProject
Project("{FAE04EC0-301F-11D3-BF4B-00C04F79EFBC}") = "lab5t24", "lab5t24\lab5t24.csproj", "{6AC21E32-A5A3-4359-BD90-840648D9C9DD}"
EndProject
Project("{FAE04EC0-301F-11D3-BF4B-00C04F79EFBC}") = "lab5t25", "lab5t25\lab5t25.csproj", "{E063A4C5-7C0E-4C9E-A981-42794A8AE926}"
EndProject
Project("{FAE04EC0-301F-11D3-BF4B-00C04F79EFBC}") = "lab5t26", "lab5t26\lab5t26.csproj", "{846D5A86-332B-4E97-AA95-E053AE3A4EC4}"
EndProject
Global
	GlobalSection(SolutionConfigurationPlatforms) = preSolution
		Debug|Any CPU = Debug|Any CPU
		Release|Any CPU = Release|Any CPU
	EndGlobalSection
	GlobalSection(ProjectConfigurationPlatforms) = postSolution
		{116AE6EA-94AE-4BA6-8F11-2E85210440DA}.Debug|Any CPU.ActiveCfg = Debug|Any CPU
		{116AE6EA-94AE-4BA6-8F11-2E85210440DA}.Debug|Any CPU.Build.0 = Debug|Any CPU
		{116AE6EA-94AE-4BA6-8F11-2E85210440DA}.Release|Any CPU.ActiveCfg = Release|Any CPU
		{116AE6EA-94AE-4BA6-8F11-2E85210440DA}.Release|Any CPU.Build.0 = Release|Any CPU
		{8301D26F-A4D2-456D-83A5-4E61562E1C51}.Debug|Any CPU.ActiveCfg = Debug|Any CPU
		{8301D26F-A4D2-456D-83A5-4E61562E1C51}.Debug|Any CPU.Build.0 = Debug|Any CPU
		{8301D26F-A4D2-456D-83A5-4E61562E1C51}.Release|Any CPU.ActiveCfg = Release|Any CPU
		{8301D26F-A4D2-456D-83A5-4E61562E1C51}.Release|Any CPU.Build.0 = Release|Any CPU
		{629EEE9F-2D31-470B-AFA6-689A5B77FE3C}.Debug|Any CPU.ActiveCfg = Debug|Any CPU
		{629EEE9F-2D31-470B-AFA6-689A5B77FE3C}.Debug|Any CPU.Build.0 = Debug|Any CPU
		{629EEE9F-2D31-470B-AFA6-689A5B77FE3C}.Release|Any CPU.ActiveCfg = Release|Any CPU
		{629EEE9F-2D31-470B-AFA6-689A5B77FE3C}.Release|Any CPU.Build.0 = Release|Any CPU
		{2AF29463-52AD-4433-B520-497CE44CFF6B}.Debug|Any CPU.ActiveCfg = Debug|Any CPU
		{2AF29463-52AD-4433-B520-497CE44CFF6B}.Debug|Any CPU.Build.0 = Debug|Any CPU
		{2AF29463-52AD-4433-B520-497CE44CFF6B}.Release|Any CPU.ActiveCfg = Release|Any CPU
		{2AF29463-52AD-4433-B520-497CE44CFF6B}.Release|Any CPU.Build.0 = Release|Any CPU
		{1B44B16E-E00E-4A4E-8677-8DF699D1C6FB}.Debug|Any CPU.ActiveCfg = Debug|Any CPU
		{1B44B16E-E00E-4A4E-8677-8DF699D1C6FB}.Debug|Any CPU.Build.0 = Debug|Any CPU
		{1B44B16E-E00E-4A4E-8677-8DF699D1C6FB}.Release|Any CPU.ActiveCfg = Release|Any CPU
		{1B44B16E-E00E-4A4E-8677-8DF699D1C6FB}.Release|Any CPU.Build.0 = Release|Any CPU
		{C3CD9D0F-35BD-4874-AD48-A6B57CA823AC}.Debug|Any CPU.ActiveCfg = Debug|Any CPU
		{C3CD9D0F-35BD-4874-AD48-A6B57CA823AC}.Debug|Any CPU.Build.0 = Debug|Any CPU
		{C3CD9D0F-35BD-4874-AD48-A6B57CA823AC}.Release|Any CPU.ActiveCfg = Release|Any CPU
		{C3CD9D0F-35BD-4874-AD48-A6B57CA823AC}.Release|Any CPU.Build.0 = Release|Any CPU
		{3FC98BC6-9358-43B1-8EF0-5867CC9C9F05}.Debug|Any CPU.ActiveCfg = Debug|Any CPU
		{3FC98BC6-9358-43B1-8EF0-5867CC9C9F05}.Debug|Any CPU.Build.0 = Debug|Any CPU
		{3FC98BC6-9358-43B1-8EF0-5867CC9C9F05}.Release|Any CPU.ActiveCfg = Release|Any CPU
		{3FC98BC6-9358-43B1-8EF0-5867CC9C9F05}.Release|Any CPU.Build.0 = Release|Any CPU
		{F3CB9286-A91A-4166-93F1-501C3CFFEC66}.Debug|Any CPU.ActiveCfg = Debug|Any CPU
		{F3CB9286-A91A-4166-93F1-501C3CFFEC66}.Debug|Any CPU.Build.0 = Debug|Any CPU
		{F3CB9286-A91A-4166-93F1-501C3CFFEC66}.Release|Any CPU.ActiveCfg = Release|Any CPU
		{F3CB9286-A91A-4166-93F1-501C3CFFEC66}.Release|Any CPU.Build.0 = Release|Any CPU
		{F54193EF-10BC-45B1-ABBF-17AA6CA5DB31}.Debug|Any CPU.ActiveCfg = Debug|Any CPU
		{F54193EF-10BC-45B1-ABBF-17AA6CA5DB31}.Debug|Any CPU.Build.0 = Debug|Any CPU
		{F54193EF-10BC-45B1-ABBF-17AA6CA5DB31}.Release|Any CPU.ActiveCfg = Release|Any CPU
		{F54193EF-10BC-45B1-ABBF-17AA6CA5DB31}.Release|Any CPU.Build.0 = Release|Any CPU
		{FDD1EAF3-1C28-450D-A6E3-15315DC22BD9}.Debug|Any CPU.ActiveCfg = Debug|Any CPU
		{FDD1EAF3-1C28-450D-A6E3-15315DC22BD9}.Debug|Any CPU.Build.0 = Debug|Any CPU
		{FDD1EAF3-1C28-450D-A6E3-15315DC22BD9}.Release|Any CPU.ActiveCfg = Release|Any CPU
		{FDD1EAF3-1C28-450D-A6E3-15315DC22BD9}.Release|Any CPU.Build.0 = Release|Any CPU
		{6CD21E1D-B775-42D8-AA90-95B33E17DD75}.Debug|Any CPU.ActiveCfg = Debug|Any CPU
		{6CD21E1D-B775-42D8-AA90-95B33E17DD75}.Debug|Any CPU.Build.0 = Debug|Any CPU
		{6CD21E1D-B775-42D8-AA90-95B33E17DD75}.Release|Any CPU.ActiveCfg = Release|Any CPU
		{6CD21E1D-B775-42D8-AA90-95B33E17DD75}.Release|Any CPU.Build.0 = Release|Any CPU
		{DD86EB10-313B-4CB4-A711-BF8846BEF388}.Debug|Any CPU.ActiveCfg = Debug|Any CPU
		{DD86EB10-313B-4CB4-A711-BF8846BEF388}.Debug|Any CPU.Build.0 = Debug|Any CPU
		{DD86EB10-313B-4CB4-A711-BF8846BEF388}.Release|Any CPU.ActiveCfg = Release|Any CPU
		{DD86EB10-313B-4CB4-A711-BF8846BEF388}.Release|Any CPU.Build.0 = Release|Any CPU
		{9EED0F2A-526D-4FE0-ADC1-5EB36761F76E}.Debug|Any CPU.ActiveCfg = Debug|Any CPU
		{9EED0F2A-526D-4FE0-ADC1-5EB36761F76E}.Debug|Any CPU.Build.0 = Debug|Any CPU
		{9EED0F2A-526D-4FE0-ADC1-5EB36761F76E}.Release|Any CPU.ActiveCfg = Release|Any CPU
		{9EED0F2A-526D-4FE0-ADC1-5EB36761F76E}.Release|Any CPU.Build.0 = Release|Any CPU
		{964673F7-CC46-405F-A381-700A675038FD}.Debug|Any CPU.ActiveCfg = Debug|Any CPU
		{964673F7-CC46-405F-A381-700A675038FD}.Debug|Any CPU.Build.0 = Debug|Any CPU
		{964673F7-CC46-405F-A381-700A675038FD}.Release|Any CPU.ActiveCfg = Release|Any CPU
		{964673F7-CC46-405F-A381-700A675038FD}.Release|Any CPU.Build.0 = Release|Any CPU
		{95B286B6-2788-43D3-81D8-E282669AED62}.Debug|Any CPU.ActiveCfg = Debug|Any CPU
		{95B286B6-2788-43D3-81D8-E282669AED62}.Debug|Any CPU.Build.0 = Debug|Any CPU
		{95B286B6-2788-43D3-81D8-E282669AED62}.Release|Any CPU.ActiveCfg = Release|Any CPU
		{95B286B6-2788-43D3-81D8-E282669AED62}.Release|Any CPU.Build.0 = Release|Any CPU
		{0E18A55E-DE3C-47AD-9B84-FCDAEDE5DF80}.Debug|Any CPU.ActiveCfg = Debug|Any CPU
		{0E18A55E-DE3C-47AD-9B84-FCDAEDE5DF80}.Debug|Any CPU.Build.0 = Debug|Any CPU
		{0E18A55E-DE3C-47AD-9B84-FCDAEDE5DF80}.Release|Any CPU.ActiveCfg = Release|Any CPU
		{0E18A55E-DE3C-47AD-9B84-FCDAEDE5DF80}.Release|Any CPU.Build.0 = Release|Any CPU
		{A4B4F4EF-BABC-473D-9732-FE4AD91A41D8}.Debug|Any CPU.ActiveCfg = Debug|Any CPU
		{A4B4F4EF-BABC-473D-9732-FE4AD91A41D8}.Debug|Any CPU.Build.0 = Debug|Any CPU
		{A4B4F4EF-BABC-473D-9732-FE4AD91A41D8}.Release|Any CPU.ActiveCfg = Release|Any CPU
		{A4B4F4EF-BABC-473D-9732-FE4AD91A41D8}.Release|Any CPU.Build.0 = Release|Any CPU
		{0EAE6E8B-DF25-440E-8686-8086962EAA65}.Debug|Any CPU.ActiveCfg = Debug|Any CPU
		{0EAE6E8B-DF25-440E-8686-8086962EAA65}.Debug|Any CPU.Build.0 = Debug|Any CPU
		{0EAE6E8B-DF25-440E-8686-8086962EAA65}.Release|Any CPU.ActiveCfg = Release|Any CPU
		{0EAE6E8B-DF25-440E-8686-8086962EAA65}.Release|Any CPU.Build.0 = Release|Any CPU
		{AF681864-48BB-463B-8A77-7B639F8517D0}.Debug|Any CPU.ActiveCfg = Debug|Any CPU
		{AF681864-48BB-463B-8A77-7B639F8517D0}.Debug|Any CPU.Build.0 = Debug|Any CPU
		{AF681864-48BB-463B-8A77-7B639F8517D0}.Release|Any CPU.ActiveCfg = Release|Any CPU
		{AF681864-48BB-463B-8A77-7B639F8517D0}.Release|Any CPU.Build.0 = Release|Any CPU
		{11BD8349-0A4F-43EA-AA61-C6991A3822FF}.Debug|Any CPU.ActiveCfg = Debug|Any CPU
		{11BD8349-0A4F-43EA-AA61-C6991A3822FF}.Debug|Any CPU.Build.0 = Debug|Any CPU
		{11BD8349-0A4F-43EA-AA61-C6991A3822FF}.Release|Any CPU.ActiveCfg = Release|Any CPU
		{11BD8349-0A4F-43EA-AA61-C6991A3822FF}.Release|Any CPU.Build.0 = Release|Any CPU
		{0FFE224D-A8E7-4DFF-B84A-C66FB15B422A}.Debug|Any CPU.ActiveCfg = Debug|Any CPU
		{0FFE224D-A8E7-4DFF-B84A-C66FB15B422A}.Debug|Any CPU.Build.0 = Debug|Any CPU
		{0FFE224D-A8E7-4DFF-B84A-C66FB15B422A}.Release|Any CPU.ActiveCfg = Release|Any CPU
		{0FFE224D-A8E7-4DFF-B84A-C66FB15B422A}.Release|Any CPU.Build.0 = Release|Any CPU
		{5217483B-A7E7-4703-A6CD-027E89B5079B}.Debug|Any CPU.ActiveCfg = Debug|Any CPU
		{5217483B-A7E7-4703-A6CD-027E89B5079B}.Debug|Any CPU.Build.0 = Debug|Any CPU
		{5217483B-A7E7-4703-A6CD-027E89B5079B}.Release|Any CPU.ActiveCfg = Release|Any CPU
		{5217483B-A7E7-4703-A6CD-027E89B5079B}.Release|Any CPU.Build.0 = Release|Any CPU
		{7BD9BAAD-D195-40DF-82FF-D20C469CA213}.Debug|Any CPU.ActiveCfg = Debug|Any CPU
		{7BD9BAAD-D195-40DF-82FF-D20C469CA213}.Debug|Any CPU.Build.0 = Debug|Any CPU
		{7BD9BAAD-D195-40DF-82FF-D20C469CA213}.Release|Any CPU.ActiveCfg = Release|Any CPU
		{7BD9BAAD-D195-40DF-82FF-D20C469CA213}.Release|Any CPU.Build.0 = Release|Any CPU
		{6AC21E32-A5A3-4359-BD90-840648D9C9DD}.Debug|Any CPU.ActiveCfg = Debug|Any CPU
		{6AC21E32-A5A3-4359-BD90-840648D9C9DD}.Debug|Any CPU.Build.0 = Debug|Any CPU
		{6AC21E32-A5A3-4359-BD90-840648D9C9DD}.Release|Any CPU.ActiveCfg = Release|Any CPU
		{6AC21E32-A5A3-4359-BD90-840648D9C9DD}.Release|Any CPU.Build.0 = Release|Any CPU
		{E063A4C5-7C0E-4C9E-A981-42794A8AE926}.Debug|Any CPU.ActiveCfg = Debug|Any CPU
		{E063A4C5-7C0E-4C9E-A981-42794A8AE926}.Debug|Any CPU.Build.0 = Debug|Any CPU
		{E063A4C5-7C0E-4C9E-A981-42794A8AE926}.Release|Any CPU.ActiveCfg = Release|Any CPU
		{E063A4C5-7C0E-4C9E-A981-42794A8AE926}.Release|Any CPU.Build.0 = Release|Any CPU
		{846D5A86-332B-4E97-AA95-E053AE3A4EC4}.Debug|Any CPU.ActiveCfg = Debug|Any CPU
		{846D5A86-332B-4E97-AA95-E053AE3A4EC4}.Debug|Any CPU.Build.0 = Debug|Any CPU
		{846D5A86-332B-4E97-AA95-E053AE3A4EC4}.Release|Any CPU.ActiveCfg = Release|Any CPU
		{846D5A86-332B-4E97-AA95-E053AE3A4EC4}.Release|Any CPU.Build.0 = Release|Any CPU
	EndGlobalSection
	GlobalSection(SolutionProperties) = preSolution
		HideSolutionNode = FALSE
	EndGlobalSection
	GlobalSection(ExtensibilityGlobals) = postSolution
		SolutionGuid = {33A8D29F-F881-4623-9831-9889969C22B6}
	EndGlobalSection
EndGlobal
